{
  "name": "ns-demo",
  "lockfileVersion": 2,
  "requires": true,
  "packages": {
    "": {
      "dependencies": {
        "bootstrap-autocomplete": "^2.3.7",
        "jquery": "^3.6.0"
      }
    },
    "node_modules/bootstrap-autocomplete": {
      "version": "2.3.7",
      "resolved": "https://registry.npmjs.org/bootstrap-autocomplete/-/bootstrap-autocomplete-2.3.7.tgz",
      "integrity": "sha512-YD2bev4bDTLsAzkr6lSTuMZOcE7k2+c2BYbtIT+j/XpPnM5ADLlbhR4NnpSsfg6Vde5xQckG/IbdRKrLlAtXOw=="
    },
    "node_modules/jquery": {
      "version": "3.6.0",
      "resolved": "https://registry.npmjs.org/jquery/-/jquery-3.6.0.tgz",
      "integrity": "sha512-JVzAR/AjBvVt2BmYhxRCSYysDsPcssdmTFnzyLEts9qNwmjmu4JTAMYubEfwVOSwpQ1I1sKKFcxhZCI2buerfw=="
    }
  },
  "dependencies": {
    "bootstrap-autocomplete": {
      "version": "2.3.7",
      "resolved": "https://registry.npmjs.org/bootstrap-autocomplete/-/bootstrap-autocomplete-2.3.7.tgz",
      "integrity": "sha512-YD2bev4bDTLsAzkr6lSTuMZOcE7k2+c2BYbtIT+j/XpPnM5ADLlbhR4NnpSsfg6Vde5xQckG/IbdRKrLlAtXOw=="
    },
    "jquery": {
      "version": "3.6.0",
      "resolved": "https://registry.npmjs.org/jquery/-/jquery-3.6.0.tgz",
      "integrity": "sha512-JVzAR/AjBvVt2BmYhxRCSYysDsPcssdmTFnzyLEts9qNwmjmu4JTAMYubEfwVOSwpQ1I1sKKFcxhZCI2buerfw=="
    }
  }
}
